{
  "name": "effector-form",
  "version": "0.0.1",
  "lockfileVersion": 1,
  "requires": true,
  "dependencies": {
    "effector": {
      "version": "21.2.1",
      "resolved": "https://registry.npmjs.org/effector/-/effector-21.2.1.tgz",
      "integrity": "sha512-1GzkdnhJkDBegiGEMW8F/4cGCjSp2GA4UHFpdt94hFOZDrYbvVnIjH2jpGze6/MVwNMUG3sQL4XF08gcU7MQ1w=="
    }
  }
}
